
Microsoft Visual Studio Solution File, Format Version 12.00
# Visual Studio Version 17
VisualStudioVersion = 17.13.35919.96 d17.13
MinimumVisualStudioVersion = 10.0.40219.1
Project("{FAE04EC0-301F-11D3-BF4B-00C04F79EFBC}") = "Conta Bancaria", "Conta Bancaria\Conta Bancaria.csproj", "{FCFBF2BE-BCBA-4F69-8C92-3092A1A1014C}"
EndProject
Global
	GlobalSection(SolutionConfigurationPlatforms) = preSolution
		Debug|Any CPU = Debug|Any CPU
		Release|Any CPU = Release|Any CPU
	EndGlobalSection
	GlobalSection(ProjectConfigurationPlatforms) = postSolution
		{FCFBF2BE-BCBA-4F69-8C92-3092A1A1014C}.Debug|Any CPU.ActiveCfg = Debug|Any CPU
		{FCFBF2BE-BCBA-4F69-8C92-3092A1A1014C}.Debug|Any CPU.Build.0 = Debug|Any CPU
		{FCFBF2BE-BCBA-4F69-8C92-3092A1A1014C}.Release|Any CPU.ActiveCfg = Release|Any CPU
		{FCFBF2BE-BCBA-4F69-8C92-3092A1A1014C}.Release|Any CPU.Build.0 = Release|Any CPU
	EndGlobalSection
	GlobalSection(SolutionProperties) = preSolution
		HideSolutionNode = FALSE
	EndGlobalSection
	GlobalSection(ExtensibilityGlobals) = postSolution
		SolutionGuid = {C450B2F3-133F-49E3-8CDB-0D11D72B44DF}
	EndGlobalSection
EndGlobal
