
Microsoft Visual Studio Solution File, Format Version 12.00
# Visual Studio Version 17
VisualStudioVersion = 17.13.35919.96 d17.13
MinimumVisualStudioVersion = 10.0.40219.1
Project("{FAE04EC0-301F-11D3-BF4B-00C04F79EFBC}") = "Carro", "Carro\Carro.csproj", "{4C726601-7F9E-48BE-893C-BFA7901DF6F4}"
EndProject
Global
	GlobalSection(SolutionConfigurationPlatforms) = preSolution
		Debug|Any CPU = Debug|Any CPU
		Release|Any CPU = Release|Any CPU
	EndGlobalSection
	GlobalSection(ProjectConfigurationPlatforms) = postSolution
		{4C726601-7F9E-48BE-893C-BFA7901DF6F4}.Debug|Any CPU.ActiveCfg = Debug|Any CPU
		{4C726601-7F9E-48BE-893C-BFA7901DF6F4}.Debug|Any CPU.Build.0 = Debug|Any CPU
		{4C726601-7F9E-48BE-893C-BFA7901DF6F4}.Release|Any CPU.ActiveCfg = Release|Any CPU
		{4C726601-7F9E-48BE-893C-BFA7901DF6F4}.Release|Any CPU.Build.0 = Release|Any CPU
	EndGlobalSection
	GlobalSection(SolutionProperties) = preSolution
		HideSolutionNode = FALSE
	EndGlobalSection
	GlobalSection(ExtensibilityGlobals) = postSolution
		SolutionGuid = {0E81055A-5228-497D-8972-F0E62F455D9F}
	EndGlobalSection
EndGlobal
